
Microsoft Visual Studio Solution File, Format Version 12.00
# Visual Studio 15
VisualStudioVersion = 15.0.26124.0
MinimumVisualStudioVersion = 15.0.26124.0
Project("{2150E333-8FDC-42A3-9474-1A3956D46DE8}") = "Code", "Code", "{B12BDA93-3856-4166-8FED-3CB59D9D26DE}"
EndProject
Project("{FAE04EC0-301F-11D3-BF4B-00C04F79EFBC}") = "auditservice.Api", "Code\auditservice.Api\auditservice.Api.csproj", "{948DC844-E9DF-4970-90BD-98E9BE4BB2E6}"
EndProject
Project("{FAE04EC0-301F-11D3-BF4B-00C04F79EFBC}") = "auditservice.Business", "Code\auditservice.Business\auditservice.Business.csproj", "{38EAD869-67EB-41B4-9F8A-1E67264D4029}"
EndProject
Project("{FAE04EC0-301F-11D3-BF4B-00C04F79EFBC}") = "auditservice.Data", "Code\auditservice.Data\auditservice.Data.csproj", "{7559E92A-D309-4E8C-B6CC-078724B6F2BB}"
EndProject
Project("{FAE04EC0-301F-11D3-BF4B-00C04F79EFBC}") = "auditservice.Entities", "Code\auditservice.Entities\auditservice.Entities.csproj", "{7AAA8FD1-83C3-4271-A996-ADDA39BADF02}"
EndProject
Project("{FAE04EC0-301F-11D3-BF4B-00C04F79EFBC}") = "auditservice.Test.Api", "Code\auditservice.Test.Api\auditservice.Test.Api.csproj", "{BACBC735-6601-4105-9E42-CD3BBBB8D1BC}"
EndProject
Project("{FAE04EC0-301F-11D3-BF4B-00C04F79EFBC}") = "auditservice.Test.Business", "Code\auditservice.Test.Business\auditservice.Test.Business.csproj", "{C1D34A6B-C28C-4055-9AFA-20D4BB39987B}"
EndProject
Project("{FAE04EC0-301F-11D3-BF4B-00C04F79EFBC}") = "auditservice.Test.Framework", "Code\auditservice.Test.Framework\auditservice.Test.Framework.csproj", "{FA1DB983-C343-4DDA-A88C-A6BCD7A89B4D}"
EndProject
Project("{2150E333-8FDC-42A3-9474-1A3956D46DE8}") = "Test", "Test", "{413340CE-3463-4DA8-8969-2332E160605B}"
EndProject
Global
	GlobalSection(SolutionConfigurationPlatforms) = preSolution
		Debug|Any CPU = Debug|Any CPU
		Debug|x64 = Debug|x64
		Debug|x86 = Debug|x86
		Release|Any CPU = Release|Any CPU
		Release|x64 = Release|x64
		Release|x86 = Release|x86
	EndGlobalSection
	GlobalSection(SolutionProperties) = preSolution
		HideSolutionNode = FALSE
	EndGlobalSection
	GlobalSection(ProjectConfigurationPlatforms) = postSolution
		{948DC844-E9DF-4970-90BD-98E9BE4BB2E6}.Debug|Any CPU.ActiveCfg = Debug|Any CPU
		{948DC844-E9DF-4970-90BD-98E9BE4BB2E6}.Debug|Any CPU.Build.0 = Debug|Any CPU
		{948DC844-E9DF-4970-90BD-98E9BE4BB2E6}.Debug|x64.ActiveCfg = Debug|Any CPU
		{948DC844-E9DF-4970-90BD-98E9BE4BB2E6}.Debug|x64.Build.0 = Debug|Any CPU
		{948DC844-E9DF-4970-90BD-98E9BE4BB2E6}.Debug|x86.ActiveCfg = Debug|Any CPU
		{948DC844-E9DF-4970-90BD-98E9BE4BB2E6}.Debug|x86.Build.0 = Debug|Any CPU
		{948DC844-E9DF-4970-90BD-98E9BE4BB2E6}.Release|Any CPU.ActiveCfg = Release|Any CPU
		{948DC844-E9DF-4970-90BD-98E9BE4BB2E6}.Release|Any CPU.Build.0 = Release|Any CPU
		{948DC844-E9DF-4970-90BD-98E9BE4BB2E6}.Release|x64.ActiveCfg = Release|Any CPU
		{948DC844-E9DF-4970-90BD-98E9BE4BB2E6}.Release|x64.Build.0 = Release|Any CPU
		{948DC844-E9DF-4970-90BD-98E9BE4BB2E6}.Release|x86.ActiveCfg = Release|Any CPU
		{948DC844-E9DF-4970-90BD-98E9BE4BB2E6}.Release|x86.Build.0 = Release|Any CPU
		{38EAD869-67EB-41B4-9F8A-1E67264D4029}.Debug|Any CPU.ActiveCfg = Debug|Any CPU
		{38EAD869-67EB-41B4-9F8A-1E67264D4029}.Debug|Any CPU.Build.0 = Debug|Any CPU
		{38EAD869-67EB-41B4-9F8A-1E67264D4029}.Debug|x64.ActiveCfg = Debug|Any CPU
		{38EAD869-67EB-41B4-9F8A-1E67264D4029}.Debug|x64.Build.0 = Debug|Any CPU
		{38EAD869-67EB-41B4-9F8A-1E67264D4029}.Debug|x86.ActiveCfg = Debug|Any CPU
		{38EAD869-67EB-41B4-9F8A-1E67264D4029}.Debug|x86.Build.0 = Debug|Any CPU
		{38EAD869-67EB-41B4-9F8A-1E67264D4029}.Release|Any CPU.ActiveCfg = Release|Any CPU
		{38EAD869-67EB-41B4-9F8A-1E67264D4029}.Release|Any CPU.Build.0 = Release|Any CPU
		{38EAD869-67EB-41B4-9F8A-1E67264D4029}.Release|x64.ActiveCfg = Release|Any CPU
		{38EAD869-67EB-41B4-9F8A-1E67264D4029}.Release|x64.Build.0 = Release|Any CPU
		{38EAD869-67EB-41B4-9F8A-1E67264D4029}.Release|x86.ActiveCfg = Release|Any CPU
		{38EAD869-67EB-41B4-9F8A-1E67264D4029}.Release|x86.Build.0 = Release|Any CPU
		{7559E92A-D309-4E8C-B6CC-078724B6F2BB}.Debug|Any CPU.ActiveCfg = Debug|Any CPU
		{7559E92A-D309-4E8C-B6CC-078724B6F2BB}.Debug|Any CPU.Build.0 = Debug|Any CPU
		{7559E92A-D309-4E8C-B6CC-078724B6F2BB}.Debug|x64.ActiveCfg = Debug|Any CPU
		{7559E92A-D309-4E8C-B6CC-078724B6F2BB}.Debug|x64.Build.0 = Debug|Any CPU
		{7559E92A-D309-4E8C-B6CC-078724B6F2BB}.Debug|x86.ActiveCfg = Debug|Any CPU
		{7559E92A-D309-4E8C-B6CC-078724B6F2BB}.Debug|x86.Build.0 = Debug|Any CPU
		{7559E92A-D309-4E8C-B6CC-078724B6F2BB}.Release|Any CPU.ActiveCfg = Release|Any CPU
		{7559E92A-D309-4E8C-B6CC-078724B6F2BB}.Release|Any CPU.Build.0 = Release|Any CPU
		{7559E92A-D309-4E8C-B6CC-078724B6F2BB}.Release|x64.ActiveCfg = Release|Any CPU
		{7559E92A-D309-4E8C-B6CC-078724B6F2BB}.Release|x64.Build.0 = Release|Any CPU
		{7559E92A-D309-4E8C-B6CC-078724B6F2BB}.Release|x86.ActiveCfg = Release|Any CPU
		{7559E92A-D309-4E8C-B6CC-078724B6F2BB}.Release|x86.Build.0 = Release|Any CPU
		{7AAA8FD1-83C3-4271-A996-ADDA39BADF02}.Debug|Any CPU.ActiveCfg = Debug|Any CPU
		{7AAA8FD1-83C3-4271-A996-ADDA39BADF02}.Debug|Any CPU.Build.0 = Debug|Any CPU
		{7AAA8FD1-83C3-4271-A996-ADDA39BADF02}.Debug|x64.ActiveCfg = Debug|Any CPU
		{7AAA8FD1-83C3-4271-A996-ADDA39BADF02}.Debug|x64.Build.0 = Debug|Any CPU
		{7AAA8FD1-83C3-4271-A996-ADDA39BADF02}.Debug|x86.ActiveCfg = Debug|Any CPU
		{7AAA8FD1-83C3-4271-A996-ADDA39BADF02}.Debug|x86.Build.0 = Debug|Any CPU
		{7AAA8FD1-83C3-4271-A996-ADDA39BADF02}.Release|Any CPU.ActiveCfg = Release|Any CPU
		{7AAA8FD1-83C3-4271-A996-ADDA39BADF02}.Release|Any CPU.Build.0 = Release|Any CPU
		{7AAA8FD1-83C3-4271-A996-ADDA39BADF02}.Release|x64.ActiveCfg = Release|Any CPU
		{7AAA8FD1-83C3-4271-A996-ADDA39BADF02}.Release|x64.Build.0 = Release|Any CPU
		{7AAA8FD1-83C3-4271-A996-ADDA39BADF02}.Release|x86.ActiveCfg = Release|Any CPU
		{7AAA8FD1-83C3-4271-A996-ADDA39BADF02}.Release|x86.Build.0 = Release|Any CPU
		{BACBC735-6601-4105-9E42-CD3BBBB8D1BC}.Debug|Any CPU.ActiveCfg = Debug|Any CPU
		{BACBC735-6601-4105-9E42-CD3BBBB8D1BC}.Debug|Any CPU.Build.0 = Debug|Any CPU
		{BACBC735-6601-4105-9E42-CD3BBBB8D1BC}.Debug|x64.ActiveCfg = Debug|Any CPU
		{BACBC735-6601-4105-9E42-CD3BBBB8D1BC}.Debug|x64.Build.0 = Debug|Any CPU
		{BACBC735-6601-4105-9E42-CD3BBBB8D1BC}.Debug|x86.ActiveCfg = Debug|Any CPU
		{BACBC735-6601-4105-9E42-CD3BBBB8D1BC}.Debug|x86.Build.0 = Debug|Any CPU
		{BACBC735-6601-4105-9E42-CD3BBBB8D1BC}.Release|Any CPU.ActiveCfg = Release|Any CPU
		{BACBC735-6601-4105-9E42-CD3BBBB8D1BC}.Release|Any CPU.Build.0 = Release|Any CPU
		{BACBC735-6601-4105-9E42-CD3BBBB8D1BC}.Release|x64.ActiveCfg = Release|Any CPU
		{BACBC735-6601-4105-9E42-CD3BBBB8D1BC}.Release|x64.Build.0 = Release|Any CPU
		{BACBC735-6601-4105-9E42-CD3BBBB8D1BC}.Release|x86.ActiveCfg = Release|Any CPU
		{BACBC735-6601-4105-9E42-CD3BBBB8D1BC}.Release|x86.Build.0 = Release|Any CPU
		{C1D34A6B-C28C-4055-9AFA-20D4BB39987B}.Debug|Any CPU.ActiveCfg = Debug|Any CPU
		{C1D34A6B-C28C-4055-9AFA-20D4BB39987B}.Debug|Any CPU.Build.0 = Debug|Any CPU
		{C1D34A6B-C28C-4055-9AFA-20D4BB39987B}.Debug|x64.ActiveCfg = Debug|Any CPU
		{C1D34A6B-C28C-4055-9AFA-20D4BB39987B}.Debug|x64.Build.0 = Debug|Any CPU
		{C1D34A6B-C28C-4055-9AFA-20D4BB39987B}.Debug|x86.ActiveCfg = Debug|Any CPU
		{C1D34A6B-C28C-4055-9AFA-20D4BB39987B}.Debug|x86.Build.0 = Debug|Any CPU
		{C1D34A6B-C28C-4055-9AFA-20D4BB39987B}.Release|Any CPU.ActiveCfg = Release|Any CPU
		{C1D34A6B-C28C-4055-9AFA-20D4BB39987B}.Release|Any CPU.Build.0 = Release|Any CPU
		{C1D34A6B-C28C-4055-9AFA-20D4BB39987B}.Release|x64.ActiveCfg = Release|Any CPU
		{C1D34A6B-C28C-4055-9AFA-20D4BB39987B}.Release|x64.Build.0 = Release|Any CPU
		{C1D34A6B-C28C-4055-9AFA-20D4BB39987B}.Release|x86.ActiveCfg = Release|Any CPU
		{C1D34A6B-C28C-4055-9AFA-20D4BB39987B}.Release|x86.Build.0 = Release|Any CPU
		{FA1DB983-C343-4DDA-A88C-A6BCD7A89B4D}.Debug|Any CPU.ActiveCfg = Debug|Any CPU
		{FA1DB983-C343-4DDA-A88C-A6BCD7A89B4D}.Debug|Any CPU.Build.0 = Debug|Any CPU
		{FA1DB983-C343-4DDA-A88C-A6BCD7A89B4D}.Debug|x64.ActiveCfg = Debug|Any CPU
		{FA1DB983-C343-4DDA-A88C-A6BCD7A89B4D}.Debug|x64.Build.0 = Debug|Any CPU
		{FA1DB983-C343-4DDA-A88C-A6BCD7A89B4D}.Debug|x86.ActiveCfg = Debug|Any CPU
		{FA1DB983-C343-4DDA-A88C-A6BCD7A89B4D}.Debug|x86.Build.0 = Debug|Any CPU
		{FA1DB983-C343-4DDA-A88C-A6BCD7A89B4D}.Release|Any CPU.ActiveCfg = Release|Any CPU
		{FA1DB983-C343-4DDA-A88C-A6BCD7A89B4D}.Release|Any CPU.Build.0 = Release|Any CPU
		{FA1DB983-C343-4DDA-A88C-A6BCD7A89B4D}.Release|x64.ActiveCfg = Release|Any CPU
		{FA1DB983-C343-4DDA-A88C-A6BCD7A89B4D}.Release|x64.Build.0 = Release|Any CPU
		{FA1DB983-C343-4DDA-A88C-A6BCD7A89B4D}.Release|x86.ActiveCfg = Release|Any CPU
		{FA1DB983-C343-4DDA-A88C-A6BCD7A89B4D}.Release|x86.Build.0 = Release|Any CPU
	EndGlobalSection
	GlobalSection(NestedProjects) = preSolution
		{948DC844-E9DF-4970-90BD-98E9BE4BB2E6} = {B12BDA93-3856-4166-8FED-3CB59D9D26DE}
		{38EAD869-67EB-41B4-9F8A-1E67264D4029} = {B12BDA93-3856-4166-8FED-3CB59D9D26DE}
		{7559E92A-D309-4E8C-B6CC-078724B6F2BB} = {B12BDA93-3856-4166-8FED-3CB59D9D26DE}
		{7AAA8FD1-83C3-4271-A996-ADDA39BADF02} = {B12BDA93-3856-4166-8FED-3CB59D9D26DE}
		{BACBC735-6601-4105-9E42-CD3BBBB8D1BC} = {413340CE-3463-4DA8-8969-2332E160605B}
		{C1D34A6B-C28C-4055-9AFA-20D4BB39987B} = {413340CE-3463-4DA8-8969-2332E160605B}
		{FA1DB983-C343-4DDA-A88C-A6BCD7A89B4D} = {413340CE-3463-4DA8-8969-2332E160605B}
	EndGlobalSection
EndGlobal
